// !$*UTF8*$!
{
	archiveVersion = 1;
	classes = {
	};
	objectVersion = 50;
	objects = {

/* Begin PBXBuildFile section */
		FB09BD522560CD9600BD4B48 /* OrionCubedApp.swift in Sources */ = {isa = PBXBuildFile; fileRef = FB09BD512560CD9600BD4B48 /* OrionCubedApp.swift */; };
		FB09BD542560CD9600BD4B48 /* HomeView.swift in Sources */ = {isa = PBXBuildFile; fileRef = FB09BD532560CD9600BD4B48 /* HomeView.swift */; };
		FB09BD562560CD9700BD4B48 /* Assets.xcassets in Resources */ = {isa = PBXBuildFile; fileRef = FB09BD552560CD9700BD4B48 /* Assets.xcassets */; };
		FB09BD592560CD9700BD4B48 /* Preview Assets.xcassets in Resources */ = {isa = PBXBuildFile; fileRef = FB09BD582560CD9700BD4B48 /* Preview Assets.xcassets */; };
		FB09BD642560CD9700BD4B48 /* OrionCubedTests.swift in Sources */ = {isa = PBXBuildFile; fileRef = FB09BD632560CD9700BD4B48 /* OrionCubedTests.swift */; };
		FB09BD6F2560CD9700BD4B48 /* OrionCubedUITests.swift in Sources */ = {isa = PBXBuildFile; fileRef = FB09BD6E2560CD9700BD4B48 /* OrionCubedUITests.swift */; };
		FB09BD8F2560D19400BD4B48 /* HomeStrategyItem.swift in Sources */ = {isa = PBXBuildFile; fileRef = FB09BD8E2560D19400BD4B48 /* HomeStrategyItem.swift */; };
		FB09BE1025636F9A00BD4B48 /* HomeViewModel.swift in Sources */ = {isa = PBXBuildFile; fileRef = FB09BE0F25636F9A00BD4B48 /* HomeViewModel.swift */; };
		FB4118A02580146C00F046D3 /* StrategySelectionView.swift in Sources */ = {isa = PBXBuildFile; fileRef = FB41189F2580146C00F046D3 /* StrategySelectionView.swift */; };
		FB4118A6258178B000F046D3 /* Globals.swift in Sources */ = {isa = PBXBuildFile; fileRef = FB4118A5258178B000F046D3 /* Globals.swift */; };
		FB4522F62565DFB600880416 /* NewStrategyDataManager.swift in Sources */ = {isa = PBXBuildFile; fileRef = FB4522F52565DFB600880416 /* NewStrategyDataManager.swift */; };
		FB5A4728256724500017D1EA /* StrategyDetailView.swift in Sources */ = {isa = PBXBuildFile; fileRef = FB5A4727256724500017D1EA /* StrategyDetailView.swift */; };
		FB6C62AF258C1DB00022CB84 /* StrategySelectionItem.swift in Sources */ = {isa = PBXBuildFile; fileRef = FB6C62AE258C1DB00022CB84 /* StrategySelectionItem.swift */; };
		FB6C62B5258C2DF10022CB84 /* TriggerView.swift in Sources */ = {isa = PBXBuildFile; fileRef = FB6C62B4258C2DF10022CB84 /* TriggerView.swift */; };
		FB735DF8256B2DEE0026841A /* NetworkManager.swift in Sources */ = {isa = PBXBuildFile; fileRef = FB735DF7256B2DEE0026841A /* NetworkManager.swift */; };
		FB8FAEFD2563777C00053D50 /* NewStrategyView.swift in Sources */ = {isa = PBXBuildFile; fileRef = FB8FAEFC2563777C00053D50 /* NewStrategyView.swift */; };
		FB8FAF0225638ACF00053D50 /* NewStrategyViewModel.swift in Sources */ = {isa = PBXBuildFile; fileRef = FB8FAF0125638ACF00053D50 /* NewStrategyViewModel.swift */; };
		FB8FAF0B2564AE8900053D50 /* HomeDataManager.swift in Sources */ = {isa = PBXBuildFile; fileRef = FB8FAF0A2564AE8900053D50 /* HomeDataManager.swift */; };
		FB8FAF102564C09600053D50 /* Strategy.swift in Sources */ = {isa = PBXBuildFile; fileRef = FB8FAF0F2564C09600053D50 /* Strategy.swift */; };
		FB9B52E7256F2DB700FFED3B /* NetworkResponse.swift in Sources */ = {isa = PBXBuildFile; fileRef = FB9B52E6256F2DB700FFED3B /* NetworkResponse.swift */; };
		FB9B52EC256F341F00FFED3B /* Endpoint.swift in Sources */ = {isa = PBXBuildFile; fileRef = FB9B52EB256F341F00FFED3B /* Endpoint.swift */; };
		FBBC6DE92564C87400590EA9 /* UIApplication+Extensions.swift in Sources */ = {isa = PBXBuildFile; fileRef = FBBC6DE82564C87400590EA9 /* UIApplication+Extensions.swift */; };
		FBBEB12E25842938004BC2F9 /* AlertResponse.swift in Sources */ = {isa = PBXBuildFile; fileRef = FBBEB12D25842938004BC2F9 /* AlertResponse.swift */; };
		FBBEB140258991CA004BC2F9 /* Icon+PreviewHelpers.swift in Sources */ = {isa = PBXBuildFile; fileRef = FBBEB13C258991C9004BC2F9 /* Icon+PreviewHelpers.swift */; };
		FBBEB141258991CA004BC2F9 /* Icon.swift in Sources */ = {isa = PBXBuildFile; fileRef = FBBEB13D258991C9004BC2F9 /* Icon.swift */; };
		FBBEB15D2589A931004BC2F9 /* SymbolsNetworkResponse.swift in Sources */ = {isa = PBXBuildFile; fileRef = FBBEB15C2589A931004BC2F9 /* SymbolsNetworkResponse.swift */; };
		FBD80371256A410B00F22ACB /* StrategyAlert.swift in Sources */ = {isa = PBXBuildFile; fileRef = FBD80370256A410B00F22ACB /* StrategyAlert.swift */; };
		FBD89CE7258415A800789F44 /* StrategyResponse.swift in Sources */ = {isa = PBXBuildFile; fileRef = FBD89CE6258415A800789F44 /* StrategyResponse.swift */; };
		FBDDEC1F259BD52F00481D6B /* WatchlistView.swift in Sources */ = {isa = PBXBuildFile; fileRef = FBDDEC1E259BD52F00481D6B /* WatchlistView.swift */; };
		FBDDEC24259BD53A00481D6B /* AlertsView.swift in Sources */ = {isa = PBXBuildFile; fileRef = FBDDEC23259BD53A00481D6B /* AlertsView.swift */; };
		FBDDEC2C259BD95300481D6B /* AlertItem.swift in Sources */ = {isa = PBXBuildFile; fileRef = FBDDEC2B259BD95300481D6B /* AlertItem.swift */; };
		FBDDEC3E259CD87B00481D6B /* AddWatchlistItemView.swift in Sources */ = {isa = PBXBuildFile; fileRef = FBDDEC3D259CD87A00481D6B /* AddWatchlistItemView.swift */; };
		FBDDEC43259D574800481D6B /* Stock.swift in Sources */ = {isa = PBXBuildFile; fileRef = FBDDEC42259D574800481D6B /* Stock.swift */; };
		FBDDEC48259D579200481D6B /* WatchlistItem.swift in Sources */ = {isa = PBXBuildFile; fileRef = FBDDEC47259D579200481D6B /* WatchlistItem.swift */; };
		FBEADCAC258EEF7900F9DC3A /* Settings.swift in Sources */ = {isa = PBXBuildFile; fileRef = FBEADCAB258EEF7900F9DC3A /* Settings.swift */; };
		FBEADCC1258EF0AB00F9DC3A /* HomeDashboardContent.swift in Sources */ = {isa = PBXBuildFile; fileRef = FBEADCC0258EF0AB00F9DC3A /* HomeDashboardContent.swift */; };
/* End PBXBuildFile section */

/* Begin PBXContainerItemProxy section */
		FB09BD602560CD9700BD4B48 /* PBXContainerItemProxy */ = {
			isa = PBXContainerItemProxy;
			containerPortal = FB09BD462560CD9600BD4B48 /* Project object */;
			proxyType = 1;
			remoteGlobalIDString = FB09BD4D2560CD9600BD4B48;
			remoteInfo = OrionCubed;
		};
		FB09BD6B2560CD9700BD4B48 /* PBXContainerItemProxy */ = {
			isa = PBXContainerItemProxy;
			containerPortal = FB09BD462560CD9600BD4B48 /* Project object */;
			proxyType = 1;
			remoteGlobalIDString = FB09BD4D2560CD9600BD4B48;
			remoteInfo = OrionCubed;
		};
/* End PBXContainerItemProxy section */

/* Begin PBXFileReference section */
		FB09BD4E2560CD9600BD4B48 /* OrionCubed.app */ = {isa = PBXFileReference; explicitFileType = wrapper.application; includeInIndex = 0; path = OrionCubed.app; sourceTree = BUILT_PRODUCTS_DIR; };
		FB09BD512560CD9600BD4B48 /* OrionCubedApp.swift */ = {isa = PBXFileReference; lastKnownFileType = sourcecode.swift; path = OrionCubedApp.swift; sourceTree = "<group>"; };
		FB09BD532560CD9600BD4B48 /* HomeView.swift */ = {isa = PBXFileReference; lastKnownFileType = sourcecode.swift; path = HomeView.swift; sourceTree = "<group>"; };
		FB09BD552560CD9700BD4B48 /* Assets.xcassets */ = {isa = PBXFileReference; lastKnownFileType = folder.assetcatalog; path = Assets.xcassets; sourceTree = "<group>"; };
		FB09BD582560CD9700BD4B48 /* Preview Assets.xcassets */ = {isa = PBXFileReference; lastKnownFileType = folder.assetcatalog; path = "Preview Assets.xcassets"; sourceTree = "<group>"; };
		FB09BD5A2560CD9700BD4B48 /* Info.plist */ = {isa = PBXFileReference; lastKnownFileType = text.plist.xml; path = Info.plist; sourceTree = "<group>"; };
		FB09BD5F2560CD9700BD4B48 /* OrionCubedTests.xctest */ = {isa = PBXFileReference; explicitFileType = wrapper.cfbundle; includeInIndex = 0; path = OrionCubedTests.xctest; sourceTree = BUILT_PRODUCTS_DIR; };
		FB09BD632560CD9700BD4B48 /* OrionCubedTests.swift */ = {isa = PBXFileReference; lastKnownFileType = sourcecode.swift; path = OrionCubedTests.swift; sourceTree = "<group>"; };
		FB09BD652560CD9700BD4B48 /* Info.plist */ = {isa = PBXFileReference; lastKnownFileType = text.plist.xml; path = Info.plist; sourceTree = "<group>"; };
		FB09BD6A2560CD9700BD4B48 /* OrionCubedUITests.xctest */ = {isa = PBXFileReference; explicitFileType = wrapper.cfbundle; includeInIndex = 0; path = OrionCubedUITests.xctest; sourceTree = BUILT_PRODUCTS_DIR; };
		FB09BD6E2560CD9700BD4B48 /* OrionCubedUITests.swift */ = {isa = PBXFileReference; lastKnownFileType = sourcecode.swift; path = OrionCubedUITests.swift; sourceTree = "<group>"; };
		FB09BD702560CD9700BD4B48 /* Info.plist */ = {isa = PBXFileReference; lastKnownFileType = text.plist.xml; path = Info.plist; sourceTree = "<group>"; };
		FB09BD8E2560D19400BD4B48 /* HomeStrategyItem.swift */ = {isa = PBXFileReference; lastKnownFileType = sourcecode.swift; path = HomeStrategyItem.swift; sourceTree = "<group>"; };
		FB09BE0F25636F9A00BD4B48 /* HomeViewModel.swift */ = {isa = PBXFileReference; lastKnownFileType = sourcecode.swift; path = HomeViewModel.swift; sourceTree = "<group>"; };
		FB28430B2572C7B000881533 /* OrionCubed.entitlements */ = {isa = PBXFileReference; lastKnownFileType = text.plist.entitlements; path = OrionCubed.entitlements; sourceTree = "<group>"; };
		FB41189F2580146C00F046D3 /* StrategySelectionView.swift */ = {isa = PBXFileReference; lastKnownFileType = sourcecode.swift; path = StrategySelectionView.swift; sourceTree = "<group>"; };
		FB4118A5258178B000F046D3 /* Globals.swift */ = {isa = PBXFileReference; lastKnownFileType = sourcecode.swift; path = Globals.swift; sourceTree = "<group>"; };
		FB4522F52565DFB600880416 /* NewStrategyDataManager.swift */ = {isa = PBXFileReference; lastKnownFileType = sourcecode.swift; path = NewStrategyDataManager.swift; sourceTree = "<group>"; };
		FB5A4727256724500017D1EA /* StrategyDetailView.swift */ = {isa = PBXFileReference; lastKnownFileType = sourcecode.swift; path = StrategyDetailView.swift; sourceTree = "<group>"; };
		FB6C62AE258C1DB00022CB84 /* StrategySelectionItem.swift */ = {isa = PBXFileReference; lastKnownFileType = sourcecode.swift; path = StrategySelectionItem.swift; sourceTree = "<group>"; };
		FB6C62B4258C2DF10022CB84 /* TriggerView.swift */ = {isa = PBXFileReference; lastKnownFileType = sourcecode.swift; path = TriggerView.swift; sourceTree = "<group>"; };
		FB735DF7256B2DEE0026841A /* NetworkManager.swift */ = {isa = PBXFileReference; lastKnownFileType = sourcecode.swift; path = NetworkManager.swift; sourceTree = "<group>"; };
		FB8FAEFC2563777C00053D50 /* NewStrategyView.swift */ = {isa = PBXFileReference; lastKnownFileType = sourcecode.swift; path = NewStrategyView.swift; sourceTree = "<group>"; };
		FB8FAF0125638ACF00053D50 /* NewStrategyViewModel.swift */ = {isa = PBXFileReference; lastKnownFileType = sourcecode.swift; path = NewStrategyViewModel.swift; sourceTree = "<group>"; };
		FB8FAF0A2564AE8900053D50 /* HomeDataManager.swift */ = {isa = PBXFileReference; lastKnownFileType = sourcecode.swift; path = HomeDataManager.swift; sourceTree = "<group>"; };
		FB8FAF0F2564C09600053D50 /* Strategy.swift */ = {isa = PBXFileReference; lastKnownFileType = sourcecode.swift; path = Strategy.swift; sourceTree = "<group>"; };
		FB9B52E6256F2DB700FFED3B /* NetworkResponse.swift */ = {isa = PBXFileReference; lastKnownFileType = sourcecode.swift; path = NetworkResponse.swift; sourceTree = "<group>"; };
		FB9B52EB256F341F00FFED3B /* Endpoint.swift */ = {isa = PBXFileReference; lastKnownFileType = sourcecode.swift; path = Endpoint.swift; sourceTree = "<group>"; };
		FBBC6DE82564C87400590EA9 /* UIApplication+Extensions.swift */ = {isa = PBXFileReference; lastKnownFileType = sourcecode.swift; path = "UIApplication+Extensions.swift"; sourceTree = "<group>"; };
		FBBEB12D25842938004BC2F9 /* AlertResponse.swift */ = {isa = PBXFileReference; lastKnownFileType = sourcecode.swift; path = AlertResponse.swift; sourceTree = "<group>"; };
		FBBEB13C258991C9004BC2F9 /* Icon+PreviewHelpers.swift */ = {isa = PBXFileReference; fileEncoding = 4; lastKnownFileType = sourcecode.swift; path = "Icon+PreviewHelpers.swift"; sourceTree = "<group>"; };
		FBBEB13D258991C9004BC2F9 /* Icon.swift */ = {isa = PBXFileReference; fileEncoding = 4; lastKnownFileType = sourcecode.swift; path = Icon.swift; sourceTree = "<group>"; };
		FBBEB13E258991C9004BC2F9 /* IconGenerator.swift */ = {isa = PBXFileReference; fileEncoding = 4; lastKnownFileType = sourcecode.swift; path = IconGenerator.swift; sourceTree = "<group>"; };
		FBBEB13F258991C9004BC2F9 /* generate.swift */ = {isa = PBXFileReference; fileEncoding = 4; lastKnownFileType = sourcecode.swift; path = generate.swift; sourceTree = "<group>"; };
		FBBEB15C2589A931004BC2F9 /* SymbolsNetworkResponse.swift */ = {isa = PBXFileReference; lastKnownFileType = sourcecode.swift; path = SymbolsNetworkResponse.swift; sourceTree = "<group>"; };
		FBD80370256A410B00F22ACB /* StrategyAlert.swift */ = {isa = PBXFileReference; lastKnownFileType = sourcecode.swift; path = StrategyAlert.swift; sourceTree = "<group>"; };
		FBD89CE6258415A800789F44 /* StrategyResponse.swift */ = {isa = PBXFileReference; lastKnownFileType = sourcecode.swift; path = StrategyResponse.swift; sourceTree = "<group>"; };
		FBDDEC1E259BD52F00481D6B /* WatchlistView.swift */ = {isa = PBXFileReference; lastKnownFileType = sourcecode.swift; path = WatchlistView.swift; sourceTree = "<group>"; };
		FBDDEC23259BD53A00481D6B /* AlertsView.swift */ = {isa = PBXFileReference; lastKnownFileType = sourcecode.swift; path = AlertsView.swift; sourceTree = "<group>"; };
		FBDDEC2B259BD95300481D6B /* AlertItem.swift */ = {isa = PBXFileReference; lastKnownFileType = sourcecode.swift; path = AlertItem.swift; sourceTree = "<group>"; };
		FBDDEC3D259CD87A00481D6B /* AddWatchlistItemView.swift */ = {isa = PBXFileReference; lastKnownFileType = sourcecode.swift; path = AddWatchlistItemView.swift; sourceTree = "<group>"; };
		FBDDEC42259D574800481D6B /* Stock.swift */ = {isa = PBXFileReference; lastKnownFileType = sourcecode.swift; path = Stock.swift; sourceTree = "<group>"; };
		FBDDEC47259D579200481D6B /* WatchlistItem.swift */ = {isa = PBXFileReference; lastKnownFileType = sourcecode.swift; path = WatchlistItem.swift; sourceTree = "<group>"; };
		FBEADCAB258EEF7900F9DC3A /* Settings.swift */ = {isa = PBXFileReference; lastKnownFileType = sourcecode.swift; path = Settings.swift; sourceTree = "<group>"; };
		FBEADCC0258EF0AB00F9DC3A /* HomeDashboardContent.swift */ = {isa = PBXFileReference; lastKnownFileType = sourcecode.swift; path = HomeDashboardContent.swift; sourceTree = "<group>"; };
/* End PBXFileReference section */

/* Begin PBXFrameworksBuildPhase section */
		FB09BD4B2560CD9600BD4B48 /* Frameworks */ = {
			isa = PBXFrameworksBuildPhase;
			buildActionMask = 2147483647;
			files = (
			);
			runOnlyForDeploymentPostprocessing = 0;
		};
		FB09BD5C2560CD9700BD4B48 /* Frameworks */ = {
			isa = PBXFrameworksBuildPhase;
			buildActionMask = 2147483647;
			files = (
			);
			runOnlyForDeploymentPostprocessing = 0;
		};
		FB09BD672560CD9700BD4B48 /* Frameworks */ = {
			isa = PBXFrameworksBuildPhase;
			buildActionMask = 2147483647;
			files = (
			);
			runOnlyForDeploymentPostprocessing = 0;
		};
/* End PBXFrameworksBuildPhase section */

/* Begin PBXGroup section */
		FB09BD452560CD9600BD4B48 = {
			isa = PBXGroup;
			children = (
				FB09BD502560CD9600BD4B48 /* OrionCubed */,
				FB09BD622560CD9700BD4B48 /* OrionCubedTests */,
				FB09BD6D2560CD9700BD4B48 /* OrionCubedUITests */,
				FB09BD4F2560CD9600BD4B48 /* Products */,
			);
			sourceTree = "<group>";
		};
		FB09BD4F2560CD9600BD4B48 /* Products */ = {
			isa = PBXGroup;
			children = (
				FB09BD4E2560CD9600BD4B48 /* OrionCubed.app */,
				FB09BD5F2560CD9700BD4B48 /* OrionCubedTests.xctest */,
				FB09BD6A2560CD9700BD4B48 /* OrionCubedUITests.xctest */,
			);
			name = Products;
			sourceTree = "<group>";
		};
		FB09BD502560CD9600BD4B48 /* OrionCubed */ = {
			isa = PBXGroup;
			children = (
				FBDDEC19259BD44800481D6B /* Alerts */,
				FB09BD552560CD9700BD4B48 /* Assets.xcassets */,
				FBBC6DE72564C86300590EA9 /* Extensions */,
				FB09BD7F2560CDF200BD4B48 /* Home */,
				FBBEB13B258991C9004BC2F9 /* Icon */,
				FB09BD5A2560CD9700BD4B48 /* Info.plist */,
				FBD8039D256A497A00F22ACB /* Networking */,
				FB8FAEF82563774200053D50 /* NewStrategy */,
				FB28430B2572C7B000881533 /* OrionCubed.entitlements */,
				FB09BD512560CD9600BD4B48 /* OrionCubedApp.swift */,
				FB09BD572560CD9700BD4B48 /* Preview Content */,
				FBEADCAA258EEF6E00F9DC3A /* Settings */,
				FB5A47252567242A0017D1EA /* StrategyDetail */,
				FBEADC9A258EECC500F9DC3A /* TabBar */,
				FB4118A42581789B00F046D3 /* Utils */,
				FBDDEC1A259BD45000481D6B /* Watchlist */,
			);
			path = OrionCubed;
			sourceTree = "<group>";
		};
		FB09BD572560CD9700BD4B48 /* Preview Content */ = {
			isa = PBXGroup;
			children = (
				FB09BD582560CD9700BD4B48 /* Preview Assets.xcassets */,
			);
			path = "Preview Content";
			sourceTree = "<group>";
		};
		FB09BD622560CD9700BD4B48 /* OrionCubedTests */ = {
			isa = PBXGroup;
			children = (
				FB09BD632560CD9700BD4B48 /* OrionCubedTests.swift */,
				FB09BD652560CD9700BD4B48 /* Info.plist */,
			);
			path = OrionCubedTests;
			sourceTree = "<group>";
		};
		FB09BD6D2560CD9700BD4B48 /* OrionCubedUITests */ = {
			isa = PBXGroup;
			children = (
				FB09BD6E2560CD9700BD4B48 /* OrionCubedUITests.swift */,
				FB09BD702560CD9700BD4B48 /* Info.plist */,
			);
			path = OrionCubedUITests;
			sourceTree = "<group>";
		};
		FB09BD7F2560CDF200BD4B48 /* Home */ = {
			isa = PBXGroup;
			children = (
				FB8FAF092564AE7A00053D50 /* DataManager */,
				FB8FAEF42563735300053D50 /* Models */,
				FB09BE0E25636F7B00BD4B48 /* ViewModels */,
				FB09BE0D25636F6E00BD4B48 /* Views */,
			);
			path = Home;
			sourceTree = "<group>";
		};
		FB09BE0D25636F6E00BD4B48 /* Views */ = {
			isa = PBXGroup;
			children = (
				FB09BD532560CD9600BD4B48 /* HomeView.swift */,
				FB09BD8E2560D19400BD4B48 /* HomeStrategyItem.swift */,
				FBEADCC0258EF0AB00F9DC3A /* HomeDashboardContent.swift */,
			);
			path = Views;
			sourceTree = "<group>";
		};
		FB09BE0E25636F7B00BD4B48 /* ViewModels */ = {
			isa = PBXGroup;
			children = (
				FB09BE0F25636F9A00BD4B48 /* HomeViewModel.swift */,
			);
			path = ViewModels;
			sourceTree = "<group>";
		};
		FB41189D2580143E00F046D3 /* Selection */ = {
			isa = PBXGroup;
			children = (
				FB41189F2580146C00F046D3 /* StrategySelectionView.swift */,
				FB6C62AE258C1DB00022CB84 /* StrategySelectionItem.swift */,
			);
			path = Selection;
			sourceTree = "<group>";
		};
		FB41189E2580144A00F046D3 /* Details */ = {
			isa = PBXGroup;
			children = (
				FB6C62B3258C2DD20022CB84 /* CommonViews */,
				FB4522F42565DFA400880416 /* DataManager */,
				FB8FAEFB2563776100053D50 /* Models */,
				FB8FAEFA2563775A00053D50 /* ViewModels */,
				FB8FAEF92563775100053D50 /* Views */,
			);
			path = Details;
			sourceTree = "<group>";
		};
		FB4118A42581789B00F046D3 /* Utils */ = {
			isa = PBXGroup;
			children = (
				FB4118A5258178B000F046D3 /* Globals.swift */,
			);
			path = Utils;
			sourceTree = "<group>";
		};
		FB4522F42565DFA400880416 /* DataManager */ = {
			isa = PBXGroup;
			children = (
				FB4522F52565DFB600880416 /* NewStrategyDataManager.swift */,
			);
			path = DataManager;
			sourceTree = "<group>";
		};
		FB5A47252567242A0017D1EA /* StrategyDetail */ = {
			isa = PBXGroup;
			children = (
				FB5A4726256724380017D1EA /* Views */,
			);
			path = StrategyDetail;
			sourceTree = "<group>";
		};
		FB5A4726256724380017D1EA /* Views */ = {
			isa = PBXGroup;
			children = (
				FB5A4727256724500017D1EA /* StrategyDetailView.swift */,
			);
			path = Views;
			sourceTree = "<group>";
		};
		FB6C62B3258C2DD20022CB84 /* CommonViews */ = {
			isa = PBXGroup;
			children = (
				FB6C62B4258C2DF10022CB84 /* TriggerView.swift */,
			);
			path = CommonViews;
			sourceTree = "<group>";
		};
		FB8FAEF42563735300053D50 /* Models */ = {
			isa = PBXGroup;
			children = (
				FBD80370256A410B00F22ACB /* StrategyAlert.swift */,
				FBD89CE6258415A800789F44 /* StrategyResponse.swift */,
				FBBEB12D25842938004BC2F9 /* AlertResponse.swift */,
			);
			path = Models;
			sourceTree = "<group>";
		};
		FB8FAEF82563774200053D50 /* NewStrategy */ = {
			isa = PBXGroup;
			children = (
				FB41189D2580143E00F046D3 /* Selection */,
				FB41189E2580144A00F046D3 /* Details */,
			);
			path = NewStrategy;
			sourceTree = "<group>";
		};
		FB8FAEF92563775100053D50 /* Views */ = {
			isa = PBXGroup;
			children = (
				FB8FAEFC2563777C00053D50 /* NewStrategyView.swift */,
			);
			path = Views;
			sourceTree = "<group>";
		};
		FB8FAEFA2563775A00053D50 /* ViewModels */ = {
			isa = PBXGroup;
			children = (
				FB8FAF0125638ACF00053D50 /* NewStrategyViewModel.swift */,
			);
			path = ViewModels;
			sourceTree = "<group>";
		};
		FB8FAEFB2563776100053D50 /* Models */ = {
			isa = PBXGroup;
			children = (
				FB8FAF0F2564C09600053D50 /* Strategy.swift */,
				FBBEB15C2589A931004BC2F9 /* SymbolsNetworkResponse.swift */,
			);
			path = Models;
			sourceTree = "<group>";
		};
		FB8FAF092564AE7A00053D50 /* DataManager */ = {
			isa = PBXGroup;
			children = (
				FB8FAF0A2564AE8900053D50 /* HomeDataManager.swift */,
			);
			path = DataManager;
			sourceTree = "<group>";
		};
		FBBC6DE72564C86300590EA9 /* Extensions */ = {
			isa = PBXGroup;
			children = (
				FBBC6DE82564C87400590EA9 /* UIApplication+Extensions.swift */,
			);
			path = Extensions;
			sourceTree = "<group>";
		};
		FBBEB13B258991C9004BC2F9 /* Icon */ = {
			isa = PBXGroup;
			children = (
				FBBEB13C258991C9004BC2F9 /* Icon+PreviewHelpers.swift */,
				FBBEB13D258991C9004BC2F9 /* Icon.swift */,
				FBBEB13E258991C9004BC2F9 /* IconGenerator.swift */,
				FBBEB13F258991C9004BC2F9 /* generate.swift */,
			);
			path = Icon;
			sourceTree = "<group>";
		};
		FBD8039D256A497A00F22ACB /* Networking */ = {
			isa = PBXGroup;
			children = (
				FB735DF7256B2DEE0026841A /* NetworkManager.swift */,
				FB9B52E6256F2DB700FFED3B /* NetworkResponse.swift */,
				FB9B52EB256F341F00FFED3B /* Endpoint.swift */,
			);
			path = Networking;
			sourceTree = "<group>";
		};
		FBDDEC19259BD44800481D6B /* Alerts */ = {
			isa = PBXGroup;
			children = (
				FBDDEC23259BD53A00481D6B /* AlertsView.swift */,
				FBDDEC2B259BD95300481D6B /* AlertItem.swift */,
			);
			path = Alerts;
			sourceTree = "<group>";
		};
		FBDDEC1A259BD45000481D6B /* Watchlist */ = {
			isa = PBXGroup;
			children = (
				FBDDEC1E259BD52F00481D6B /* WatchlistView.swift */,
				FBDDEC3D259CD87A00481D6B /* AddWatchlistItemView.swift */,
				FBDDEC42259D574800481D6B /* Stock.swift */,
				FBDDEC47259D579200481D6B /* WatchlistItem.swift */,
			);
			path = Watchlist;
			sourceTree = "<group>";
		};
		FBEADC9A258EECC500F9DC3A /* TabBar */ = {
			isa = PBXGroup;
			children = (
			);
			path = TabBar;
			sourceTree = "<group>";
		};
		FBEADCAA258EEF6E00F9DC3A /* Settings */ = {
			isa = PBXGroup;
			children = (
				FBEADCAB258EEF7900F9DC3A /* Settings.swift */,
			);
			path = Settings;
			sourceTree = "<group>";
		};
/* End PBXGroup section */

/* Begin PBXNativeTarget section */
		FB09BD4D2560CD9600BD4B48 /* OrionCubed */ = {
			isa = PBXNativeTarget;
			buildConfigurationList = FB09BD732560CD9700BD4B48 /* Build configuration list for PBXNativeTarget "OrionCubed" */;
			buildPhases = (
				FBBEB15125899214004BC2F9 /* ShellScript */,
				FB09BD4A2560CD9600BD4B48 /* Sources */,
				FB09BD4B2560CD9600BD4B48 /* Frameworks */,
				FB09BD4C2560CD9600BD4B48 /* Resources */,
			);
			buildRules = (
			);
			dependencies = (
			);
			name = OrionCubed;
			productName = OrionCubed;
			productReference = FB09BD4E2560CD9600BD4B48 /* OrionCubed.app */;
			productType = "com.apple.product-type.application";
		};
		FB09BD5E2560CD9700BD4B48 /* OrionCubedTests */ = {
			isa = PBXNativeTarget;
			buildConfigurationList = FB09BD762560CD9700BD4B48 /* Build configuration list for PBXNativeTarget "OrionCubedTests" */;
			buildPhases = (
				FB09BD5B2560CD9700BD4B48 /* Sources */,
				FB09BD5C2560CD9700BD4B48 /* Frameworks */,
				FB09BD5D2560CD9700BD4B48 /* Resources */,
			);
			buildRules = (
			);
			dependencies = (
				FB09BD612560CD9700BD4B48 /* PBXTargetDependency */,
			);
			name = OrionCubedTests;
			productName = OrionCubedTests;
			productReference = FB09BD5F2560CD9700BD4B48 /* OrionCubedTests.xctest */;
			productType = "com.apple.product-type.bundle.unit-test";
		};
		FB09BD692560CD9700BD4B48 /* OrionCubedUITests */ = {
			isa = PBXNativeTarget;
			buildConfigurationList = FB09BD792560CD9700BD4B48 /* Build configuration list for PBXNativeTarget "OrionCubedUITests" */;
			buildPhases = (
				FB09BD662560CD9700BD4B48 /* Sources */,
				FB09BD672560CD9700BD4B48 /* Frameworks */,
				FB09BD682560CD9700BD4B48 /* Resources */,
			);
			buildRules = (
			);
			dependencies = (
				FB09BD6C2560CD9700BD4B48 /* PBXTargetDependency */,
			);
			name = OrionCubedUITests;
			productName = OrionCubedUITests;
			productReference = FB09BD6A2560CD9700BD4B48 /* OrionCubedUITests.xctest */;
			productType = "com.apple.product-type.bundle.ui-testing";
		};
/* End PBXNativeTarget section */

/* Begin PBXProject section */
		FB09BD462560CD9600BD4B48 /* Project object */ = {
			isa = PBXProject;
			attributes = {
				LastSwiftUpdateCheck = 1220;
				LastUpgradeCheck = 1220;
				TargetAttributes = {
					FB09BD4D2560CD9600BD4B48 = {
						CreatedOnToolsVersion = 12.2;
					};
					FB09BD5E2560CD9700BD4B48 = {
						CreatedOnToolsVersion = 12.2;
						TestTargetID = FB09BD4D2560CD9600BD4B48;
					};
					FB09BD692560CD9700BD4B48 = {
						CreatedOnToolsVersion = 12.2;
						TestTargetID = FB09BD4D2560CD9600BD4B48;
					};
				};
			};
			buildConfigurationList = FB09BD492560CD9600BD4B48 /* Build configuration list for PBXProject "OrionCubed" */;
			compatibilityVersion = "Xcode 9.3";
			developmentRegion = en;
			hasScannedForEncodings = 0;
			knownRegions = (
				en,
				Base,
			);
			mainGroup = FB09BD452560CD9600BD4B48;
			productRefGroup = FB09BD4F2560CD9600BD4B48 /* Products */;
			projectDirPath = "";
			projectRoot = "";
			targets = (
				FB09BD4D2560CD9600BD4B48 /* OrionCubed */,
				FB09BD5E2560CD9700BD4B48 /* OrionCubedTests */,
				FB09BD692560CD9700BD4B48 /* OrionCubedUITests */,
			);
		};
/* End PBXProject section */

/* Begin PBXResourcesBuildPhase section */
		FB09BD4C2560CD9600BD4B48 /* Resources */ = {
			isa = PBXResourcesBuildPhase;
			buildActionMask = 2147483647;
			files = (
				FB09BD592560CD9700BD4B48 /* Preview Assets.xcassets in Resources */,
				FB09BD562560CD9700BD4B48 /* Assets.xcassets in Resources */,
			);
			runOnlyForDeploymentPostprocessing = 0;
		};
		FB09BD5D2560CD9700BD4B48 /* Resources */ = {
			isa = PBXResourcesBuildPhase;
			buildActionMask = 2147483647;
			files = (
			);
			runOnlyForDeploymentPostprocessing = 0;
		};
		FB09BD682560CD9700BD4B48 /* Resources */ = {
			isa = PBXResourcesBuildPhase;
			buildActionMask = 2147483647;
			files = (
			);
			runOnlyForDeploymentPostprocessing = 0;
		};
/* End PBXResourcesBuildPhase section */

/* Begin PBXShellScriptBuildPhase section */
		FBBEB15125899214004BC2F9 /* ShellScript */ = {
			isa = PBXShellScriptBuildPhase;
			buildActionMask = 2147483647;
			files = (
			);
			inputFileListPaths = (
			);
			inputPaths = (
				"$(PROJECT_DIR)/$(PRODUCT_NAME)/Icon/Icon.swift",
			);
			outputFileListPaths = (
			);
			outputPaths = (
			);
			runOnlyForDeploymentPostprocessing = 0;
			shellPath = /bin/sh;
			shellScript = "# Type a script or drag a script file from your workspace to insert its path.\n[[ \"$ENABLE_PREVIEWS\" = \"NO\" ]] || exit 0\n[[ \"$MAC_OS_X_VERSION_MAJOR\" -ge \"101500\" ]] || exit 0\n\nTMPFILE=`mktemp /tmp/SwiftUIcon.swift.XXXXXX` || exit 1\ntrap \"rm -f $TMPFILE\" EXIT\n\nif [ -z \"$SCRIPT_INPUT_FILE_0\" ]\nthen\n    echo \"error: You must specify your Icon.swift as the first Input File in the Build Phase.\"\n    exit 1\nfi\n\ncat ${SCRIPT_INPUT_FILE_0%/*}/*.swift > $TMPFILE\n\nxcrun -sdk macosx swift $TMPFILE\n";
		};
/* End PBXShellScriptBuildPhase section */

/* Begin PBXSourcesBuildPhase section */
		FB09BD4A2560CD9600BD4B48 /* Sources */ = {
			isa = PBXSourcesBuildPhase;
			buildActionMask = 2147483647;
			files = (
				FBEADCAC258EEF7900F9DC3A /* Settings.swift in Sources */,
				FB5A4728256724500017D1EA /* StrategyDetailView.swift in Sources */,
				FBDDEC43259D574800481D6B /* Stock.swift in Sources */,
				FB6C62B5258C2DF10022CB84 /* TriggerView.swift in Sources */,
				FBBEB12E25842938004BC2F9 /* AlertResponse.swift in Sources */,
				FBBC6DE92564C87400590EA9 /* UIApplication+Extensions.swift in Sources */,
				FBD89CE7258415A800789F44 /* StrategyResponse.swift in Sources */,
				FB8FAF0225638ACF00053D50 /* NewStrategyViewModel.swift in Sources */,
				FB09BD8F2560D19400BD4B48 /* HomeStrategyItem.swift in Sources */,
				FB4522F62565DFB600880416 /* NewStrategyDataManager.swift in Sources */,
				FBEADCC1258EF0AB00F9DC3A /* HomeDashboardContent.swift in Sources */,
				FBDDEC24259BD53A00481D6B /* AlertsView.swift in Sources */,
				FBD80371256A410B00F22ACB /* StrategyAlert.swift in Sources */,
				FBBEB15D2589A931004BC2F9 /* SymbolsNetworkResponse.swift in Sources */,
				FB09BD542560CD9600BD4B48 /* HomeView.swift in Sources */,
				FB8FAF0B2564AE8900053D50 /* HomeDataManager.swift in Sources */,
				FBBEB141258991CA004BC2F9 /* Icon.swift in Sources */,
				FBBEB140258991CA004BC2F9 /* Icon+PreviewHelpers.swift in Sources */,
				FB4118A6258178B000F046D3 /* Globals.swift in Sources */,
				FB8FAEFD2563777C00053D50 /* NewStrategyView.swift in Sources */,
				FB8FAF102564C09600053D50 /* Strategy.swift in Sources */,
				FB9B52EC256F341F00FFED3B /* Endpoint.swift in Sources */,
				FB735DF8256B2DEE0026841A /* NetworkManager.swift in Sources */,
				FB9B52E7256F2DB700FFED3B /* NetworkResponse.swift in Sources */,
				FB4118A02580146C00F046D3 /* StrategySelectionView.swift in Sources */,
				FBDDEC2C259BD95300481D6B /* AlertItem.swift in Sources */,
				FBDDEC1F259BD52F00481D6B /* WatchlistView.swift in Sources */,
				FB09BE1025636F9A00BD4B48 /* HomeViewModel.swift in Sources */,
				FBDDEC48259D579200481D6B /* WatchlistItem.swift in Sources */,
				FBDDEC3E259CD87B00481D6B /* AddWatchlistItemView.swift in Sources */,
				FB6C62AF258C1DB00022CB84 /* StrategySelectionItem.swift in Sources */,
				FB09BD522560CD9600BD4B48 /* OrionCubedApp.swift in Sources */,
			);
			runOnlyForDeploymentPostprocessing = 0;
		};
		FB09BD5B2560CD9700BD4B48 /* Sources */ = {
			isa = PBXSourcesBuildPhase;
			buildActionMask = 2147483647;
			files = (
				FB09BD642560CD9700BD4B48 /* OrionCubedTests.swift in Sources */,
			);
			runOnlyForDeploymentPostprocessing = 0;
		};
		FB09BD662560CD9700BD4B48 /* Sources */ = {
			isa = PBXSourcesBuildPhase;
			buildActionMask = 2147483647;
			files = (
				FB09BD6F2560CD9700BD4B48 /* OrionCubedUITests.swift in Sources */,
			);
			runOnlyForDeploymentPostprocessing = 0;
		};
/* End PBXSourcesBuildPhase section */

/* Begin PBXTargetDependency section */
		FB09BD612560CD9700BD4B48 /* PBXTargetDependency */ = {
			isa = PBXTargetDependency;
			target = FB09BD4D2560CD9600BD4B48 /* OrionCubed */;
			targetProxy = FB09BD602560CD9700BD4B48 /* PBXContainerItemProxy */;
		};
		FB09BD6C2560CD9700BD4B48 /* PBXTargetDependency */ = {
			isa = PBXTargetDependency;
			target = FB09BD4D2560CD9600BD4B48 /* OrionCubed */;
			targetProxy = FB09BD6B2560CD9700BD4B48 /* PBXContainerItemProxy */;
		};
/* End PBXTargetDependency section */

/* Begin XCBuildConfiguration section */
		FB09BD712560CD9700BD4B48 /* Debug */ = {
			isa = XCBuildConfiguration;
			buildSettings = {
				ALWAYS_SEARCH_USER_PATHS = NO;
				CLANG_ANALYZER_NONNULL = YES;
				CLANG_ANALYZER_NUMBER_OBJECT_CONVERSION = YES_AGGRESSIVE;
				CLANG_CXX_LANGUAGE_STANDARD = "gnu++14";
				CLANG_CXX_LIBRARY = "libc++";
				CLANG_ENABLE_MODULES = YES;
				CLANG_ENABLE_OBJC_ARC = YES;
				CLANG_ENABLE_OBJC_WEAK = YES;
				CLANG_WARN_BLOCK_CAPTURE_AUTORELEASING = YES;
				CLANG_WARN_BOOL_CONVERSION = YES;
				CLANG_WARN_COMMA = YES;
				CLANG_WARN_CONSTANT_CONVERSION = YES;
				CLANG_WARN_DEPRECATED_OBJC_IMPLEMENTATIONS = YES;
				CLANG_WARN_DIRECT_OBJC_ISA_USAGE = YES_ERROR;
				CLANG_WARN_DOCUMENTATION_COMMENTS = YES;
				CLANG_WARN_EMPTY_BODY = YES;
				CLANG_WARN_ENUM_CONVERSION = YES;
				CLANG_WARN_INFINITE_RECURSION = YES;
				CLANG_WARN_INT_CONVERSION = YES;
				CLANG_WARN_NON_LITERAL_NULL_CONVERSION = YES;
				CLANG_WARN_OBJC_IMPLICIT_RETAIN_SELF = YES;
				CLANG_WARN_OBJC_LITERAL_CONVERSION = YES;
				CLANG_WARN_OBJC_ROOT_CLASS = YES_ERROR;
				CLANG_WARN_QUOTED_INCLUDE_IN_FRAMEWORK_HEADER = YES;
				CLANG_WARN_RANGE_LOOP_ANALYSIS = YES;
				CLANG_WARN_STRICT_PROTOTYPES = YES;
				CLANG_WARN_SUSPICIOUS_MOVE = YES;
				CLANG_WARN_UNGUARDED_AVAILABILITY = YES_AGGRESSIVE;
				CLANG_WARN_UNREACHABLE_CODE = YES;
				CLANG_WARN__DUPLICATE_METHOD_MATCH = YES;
				COPY_PHASE_STRIP = NO;
				DEBUG_INFORMATION_FORMAT = dwarf;
				ENABLE_STRICT_OBJC_MSGSEND = YES;
				ENABLE_TESTABILITY = YES;
				GCC_C_LANGUAGE_STANDARD = gnu11;
				GCC_DYNAMIC_NO_PIC = NO;
				GCC_NO_COMMON_BLOCKS = YES;
				GCC_OPTIMIZATION_LEVEL = 0;
				GCC_PREPROCESSOR_DEFINITIONS = (
					"DEBUG=1",
					"$(inherited)",
				);
				GCC_WARN_64_TO_32_BIT_CONVERSION = YES;
				GCC_WARN_ABOUT_RETURN_TYPE = YES_ERROR;
				GCC_WARN_UNDECLARED_SELECTOR = YES;
				GCC_WARN_UNINITIALIZED_AUTOS = YES_AGGRESSIVE;
				GCC_WARN_UNUSED_FUNCTION = YES;
				GCC_WARN_UNUSED_VARIABLE = YES;
				IPHONEOS_DEPLOYMENT_TARGET = 14.2;
				MTL_ENABLE_DEBUG_INFO = INCLUDE_SOURCE;
				MTL_FAST_MATH = YES;
				ONLY_ACTIVE_ARCH = YES;
				SDKROOT = iphoneos;
				SWIFT_ACTIVE_COMPILATION_CONDITIONS = DEBUG;
				SWIFT_OPTIMIZATION_LEVEL = "-Onone";
			};
			name = Debug;
		};
		FB09BD722560CD9700BD4B48 /* Release */ = {
			isa = XCBuildConfiguration;
			buildSettings = {
				ALWAYS_SEARCH_USER_PATHS = NO;
				CLANG_ANALYZER_NONNULL = YES;
				CLANG_ANALYZER_NUMBER_OBJECT_CONVERSION = YES_AGGRESSIVE;
				CLANG_CXX_LANGUAGE_STANDARD = "gnu++14";
				CLANG_CXX_LIBRARY = "libc++";
				CLANG_ENABLE_MODULES = YES;
				CLANG_ENABLE_OBJC_ARC = YES;
				CLANG_ENABLE_OBJC_WEAK = YES;
				CLANG_WARN_BLOCK_CAPTURE_AUTORELEASING = YES;
				CLANG_WARN_BOOL_CONVERSION = YES;
				CLANG_WARN_COMMA = YES;
				CLANG_WARN_CONSTANT_CONVERSION = YES;
				CLANG_WARN_DEPRECATED_OBJC_IMPLEMENTATIONS = YES;
				CLANG_WARN_DIRECT_OBJC_ISA_USAGE = YES_ERROR;
				CLANG_WARN_DOCUMENTATION_COMMENTS = YES;
				CLANG_WARN_EMPTY_BODY = YES;
				CLANG_WARN_ENUM_CONVERSION = YES;
				CLANG_WARN_INFINITE_RECURSION = YES;
				CLANG_WARN_INT_CONVERSION = YES;
				CLANG_WARN_NON_LITERAL_NULL_CONVERSION = YES;
				CLANG_WARN_OBJC_IMPLICIT_RETAIN_SELF = YES;
				CLANG_WARN_OBJC_LITERAL_CONVERSION = YES;
				CLANG_WARN_OBJC_ROOT_CLASS = YES_ERROR;
				CLANG_WARN_QUOTED_INCLUDE_IN_FRAMEWORK_HEADER = YES;
				CLANG_WARN_RANGE_LOOP_ANALYSIS = YES;
				CLANG_WARN_STRICT_PROTOTYPES = YES;
				CLANG_WARN_SUSPICIOUS_MOVE = YES;
				CLANG_WARN_UNGUARDED_AVAILABILITY = YES_AGGRESSIVE;
				CLANG_WARN_UNREACHABLE_CODE = YES;
				CLANG_WARN__DUPLICATE_METHOD_MATCH = YES;
				COPY_PHASE_STRIP = NO;
				DEBUG_INFORMATION_FORMAT = "dwarf-with-dsym";
				ENABLE_NS_ASSERTIONS = NO;
				ENABLE_STRICT_OBJC_MSGSEND = YES;
				GCC_C_LANGUAGE_STANDARD = gnu11;
				GCC_NO_COMMON_BLOCKS = YES;
				GCC_WARN_64_TO_32_BIT_CONVERSION = YES;
				GCC_WARN_ABOUT_RETURN_TYPE = YES_ERROR;
				GCC_WARN_UNDECLARED_SELECTOR = YES;
				GCC_WARN_UNINITIALIZED_AUTOS = YES_AGGRESSIVE;
				GCC_WARN_UNUSED_FUNCTION = YES;
				GCC_WARN_UNUSED_VARIABLE = YES;
				IPHONEOS_DEPLOYMENT_TARGET = 14.2;
				MTL_ENABLE_DEBUG_INFO = NO;
				MTL_FAST_MATH = YES;
				SDKROOT = iphoneos;
				SWIFT_COMPILATION_MODE = wholemodule;
				SWIFT_OPTIMIZATION_LEVEL = "-O";
				VALIDATE_PRODUCT = YES;
			};
			name = Release;
		};
		FB09BD742560CD9700BD4B48 /* Debug */ = {
			isa = XCBuildConfiguration;
			buildSettings = {
				ASSETCATALOG_COMPILER_APPICON_NAME = AppIcon;
				ASSETCATALOG_COMPILER_GLOBAL_ACCENT_COLOR_NAME = AccentColor;
				CODE_SIGN_ENTITLEMENTS = OrionCubed/OrionCubed.entitlements;
				CODE_SIGN_IDENTITY = "Apple Development";
				CODE_SIGN_STYLE = Automatic;
				CURRENT_PROJECT_VERSION = 4;
				DEVELOPMENT_ASSET_PATHS = "\"OrionCubed/Preview Content\"";
				DEVELOPMENT_TEAM = C7HGN23NTW;
				ENABLE_PREVIEWS = YES;
				INFOPLIST_FILE = OrionCubed/Info.plist;
				IPHONEOS_DEPLOYMENT_TARGET = 14.0;
				LD_RUNPATH_SEARCH_PATHS = (
					"$(inherited)",
					"@executable_path/Frameworks",
				);
				PRODUCT_BUNDLE_IDENTIFIER = com.AlexStevens.OrionCubed;
				PRODUCT_NAME = "$(TARGET_NAME)";
				PROVISIONING_PROFILE_SPECIFIER = "";
				SWIFT_VERSION = 5.0;
				TARGETED_DEVICE_FAMILY = 1;
			};
			name = Debug;
		};
		FB09BD752560CD9700BD4B48 /* Release */ = {
			isa = XCBuildConfiguration;
			buildSettings = {
				ASSETCATALOG_COMPILER_APPICON_NAME = AppIcon;
				ASSETCATALOG_COMPILER_GLOBAL_ACCENT_COLOR_NAME = AccentColor;
				CODE_SIGN_ENTITLEMENTS = OrionCubed/OrionCubed.entitlements;
				CODE_SIGN_IDENTITY = "Apple Development";
				CODE_SIGN_STYLE = Automatic;
				CURRENT_PROJECT_VERSION = 4;
				DEVELOPMENT_ASSET_PATHS = "\"OrionCubed/Preview Content\"";
				DEVELOPMENT_TEAM = C7HGN23NTW;
				ENABLE_PREVIEWS = YES;
				INFOPLIST_FILE = OrionCubed/Info.plist;
				IPHONEOS_DEPLOYMENT_TARGET = 14.0;
				LD_RUNPATH_SEARCH_PATHS = (
					"$(inherited)",
					"@executable_path/Frameworks",
				);
				PRODUCT_BUNDLE_IDENTIFIER = com.AlexStevens.OrionCubed;
				PRODUCT_NAME = "$(TARGET_NAME)";
				PROVISIONING_PROFILE_SPECIFIER = "";
				SWIFT_VERSION = 5.0;
				TARGETED_DEVICE_FAMILY = 1;
			};
			name = Release;
		};
		FB09BD772560CD9700BD4B48 /* Debug */ = {
			isa = XCBuildConfiguration;
			buildSettings = {
				ALWAYS_EMBED_SWIFT_STANDARD_LIBRARIES = YES;
				BUNDLE_LOADER = "$(TEST_HOST)";
				CODE_SIGN_STYLE = Automatic;
				DEVELOPMENT_TEAM = C7HGN23NTW;
				INFOPLIST_FILE = OrionCubedTests/Info.plist;
				IPHONEOS_DEPLOYMENT_TARGET = 14.0;
				LD_RUNPATH_SEARCH_PATHS = (
					"$(inherited)",
					"@executable_path/Frameworks",
					"@loader_path/Frameworks",
				);
				PRODUCT_BUNDLE_IDENTIFIER = com.AlexStevens.OrionCubedTests;
				PRODUCT_NAME = "$(TARGET_NAME)";
				SWIFT_VERSION = 5.0;
				TARGETED_DEVICE_FAMILY = "1,2";
				TEST_HOST = "$(BUILT_PRODUCTS_DIR)/OrionCubed.app/OrionCubed";
			};
			name = Debug;
		};
		FB09BD782560CD9700BD4B48 /* Release */ = {
			isa = XCBuildConfiguration;
			buildSettings = {
				ALWAYS_EMBED_SWIFT_STANDARD_LIBRARIES = YES;
				BUNDLE_LOADER = "$(TEST_HOST)";
				CODE_SIGN_STYLE = Automatic;
				DEVELOPMENT_TEAM = C7HGN23NTW;
				INFOPLIST_FILE = OrionCubedTests/Info.plist;
				IPHONEOS_DEPLOYMENT_TARGET = 14.0;
				LD_RUNPATH_SEARCH_PATHS = (
					"$(inherited)",
					"@executable_path/Frameworks",
					"@loader_path/Frameworks",
				);
				PRODUCT_BUNDLE_IDENTIFIER = com.AlexStevens.OrionCubedTests;
				PRODUCT_NAME = "$(TARGET_NAME)";
				SWIFT_VERSION = 5.0;
				TARGETED_DEVICE_FAMILY = "1,2";
				TEST_HOST = "$(BUILT_PRODUCTS_DIR)/OrionCubed.app/OrionCubed";
			};
			name = Release;
		};
		FB09BD7A2560CD9700BD4B48 /* Debug */ = {
			isa = XCBuildConfiguration;
			buildSettings = {
				ALWAYS_EMBED_SWIFT_STANDARD_LIBRARIES = YES;
				CODE_SIGN_STYLE = Automatic;
				DEVELOPMENT_TEAM = C7HGN23NTW;
				INFOPLIST_FILE = OrionCubedUITests/Info.plist;
				LD_RUNPATH_SEARCH_PATHS = (
					"$(inherited)",
					"@executable_path/Frameworks",
					"@loader_path/Frameworks",
				);
				PRODUCT_BUNDLE_IDENTIFIER = com.AlexStevens.OrionCubedUITests;
				PRODUCT_NAME = "$(TARGET_NAME)";
				SWIFT_VERSION = 5.0;
				TARGETED_DEVICE_FAMILY = "1,2";
				TEST_TARGET_NAME = OrionCubed;
			};
			name = Debug;
		};
		FB09BD7B2560CD9700BD4B48 /* Release */ = {
			isa = XCBuildConfiguration;
			buildSettings = {
				ALWAYS_EMBED_SWIFT_STANDARD_LIBRARIES = YES;
				CODE_SIGN_STYLE = Automatic;
				DEVELOPMENT_TEAM = C7HGN23NTW;
				INFOPLIST_FILE = OrionCubedUITests/Info.plist;
				LD_RUNPATH_SEARCH_PATHS = (
					"$(inherited)",
					"@executable_path/Frameworks",
					"@loader_path/Frameworks",
				);
				PRODUCT_BUNDLE_IDENTIFIER = com.AlexStevens.OrionCubedUITests;
				PRODUCT_NAME = "$(TARGET_NAME)";
				SWIFT_VERSION = 5.0;
				TARGETED_DEVICE_FAMILY = "1,2";
				TEST_TARGET_NAME = OrionCubed;
			};
			name = Release;
		};
/* End XCBuildConfiguration section */

/* Begin XCConfigurationList section */
		FB09BD492560CD9600BD4B48 /* Build configuration list for PBXProject "OrionCubed" */ = {
			isa = XCConfigurationList;
			buildConfigurations = (
				FB09BD712560CD9700BD4B48 /* Debug */,
				FB09BD722560CD9700BD4B48 /* Release */,
			);
			defaultConfigurationIsVisible = 0;
			defaultConfigurationName = Release;
		};
		FB09BD732560CD9700BD4B48 /* Build configuration list for PBXNativeTarget "OrionCubed" */ = {
			isa = XCConfigurationList;
			buildConfigurations = (
				FB09BD742560CD9700BD4B48 /* Debug */,
				FB09BD752560CD9700BD4B48 /* Release */,
			);
			defaultConfigurationIsVisible = 0;
			defaultConfigurationName = Release;
		};
		FB09BD762560CD9700BD4B48 /* Build configuration list for PBXNativeTarget "OrionCubedTests" */ = {
			isa = XCConfigurationList;
			buildConfigurations = (
				FB09BD772560CD9700BD4B48 /* Debug */,
				FB09BD782560CD9700BD4B48 /* Release */,
			);
			defaultConfigurationIsVisible = 0;
			defaultConfigurationName = Release;
		};
		FB09BD792560CD9700BD4B48 /* Build configuration list for PBXNativeTarget "OrionCubedUITests" */ = {
			isa = XCConfigurationList;
			buildConfigurations = (
				FB09BD7A2560CD9700BD4B48 /* Debug */,
				FB09BD7B2560CD9700BD4B48 /* Release */,
			);
			defaultConfigurationIsVisible = 0;
			defaultConfigurationName = Release;
		};
/* End XCConfigurationList section */
	};
	rootObject = FB09BD462560CD9600BD4B48 /* Project object */;
}
